<?xml version="1.0" encoding="utf-8"?>
<Project ToolsVersion="4.0" xmlns="http://schemas.microsoft.com/developer/msbuild/2003">
  <ItemGroup>
    <Filter Include="Source Files">
      <UniqueIdentifier>{4FC737F1-C7A5-4376-A066-2A32D752A2FF}</UniqueIdentifier>
      <Extensions>cpp;cxx;c;def</Extensions>
    </Filter>
    <Filter Include="Header Files">
      <UniqueIdentifier>{93995380-89BD-4b04-88EB-625FBE52EBFB}</UniqueIdentifier>
      <Extensions>h</Extensions>
    </Filter>
    <Filter Include="Form Files">
      <UniqueIdentifier>{99349809-55BA-4b9d-BF79-8FDBB0286EB3}</UniqueIdentifier>
      <Extensions>ui</Extensions>
      <ParseFiles>false</ParseFiles>
    </Filter>
    <Filter Include="Resource Files">
      <UniqueIdentifier>{D9D6E242-F8AF-46E4-B9FD-80ECBC20BA3E}</UniqueIdentifier>
      <Extensions>qrc;*</Extensions>
      <ParseFiles>false</ParseFiles>
    </Filter>
    <Filter Include="Generated Files">
      <UniqueIdentifier>{71ED8ED8-ACB9-4CE9-BBE1-E00B30144E11}</UniqueIdentifier>
      <Extensions>moc;h;cpp</Extensions>
      <ParseFiles>true</ParseFiles>
    </Filter>
    <Filter Include="Generated Files\Release_RTL_x64">
      <UniqueIdentifier>{4f27092c-f393-4c19-8f6e-1afe7425b0f3}</UniqueIdentifier>
      <Extensions>cpp;moc</Extensions>
      <SourceControlFiles>False</SourceControlFiles>
    </Filter>
    <Filter Include="Generated Files\Release_RTL_Win32">
      <UniqueIdentifier>{f5cae213-11ed-47f4-b9db-36c8a98ae07d}</UniqueIdentifier>
      <Extensions>cpp;moc</Extensions>
      <SourceControlFiles>False</SourceControlFiles>
    </Filter>
    <Filter Include="Generated Files\Debug_RTL_Win32">
      <UniqueIdentifier>{02a46cd1-476b-4099-bf5d-a11dcaf5b6e6}</UniqueIdentifier>
      <Extensions>cpp;moc</Extensions>
      <SourceControlFiles>False</SourceControlFiles>
    </Filter>
    <Filter Include="Generated Files\Debug_RTL_x64">
      <UniqueIdentifier>{537f4d30-bc19-42cd-a207-be902cfa95ec}</UniqueIdentifier>
      <Extensions>cpp;moc</Extensions>
      <SourceControlFiles>False</SourceControlFiles>
    </Filter>
    <Filter Include="Generated Files\Release_Static_x64">
      <UniqueIdentifier>{63d7884a-edf6-4432-8c34-b75f4d50f33c}</UniqueIdentifier>
      <Extensions>cpp;moc</Extensions>
      <SourceControlFiles>False</SourceControlFiles>
    </Filter>
    <Filter Include="Generated Files\Release_Static_Win32">
      <UniqueIdentifier>{62680dfe-ab95-48dc-aa49-a473e691aa85}</UniqueIdentifier>
      <Extensions>cpp;moc</Extensions>
      <SourceControlFiles>False</SourceControlFiles>
    </Filter>
    <Filter Include="Generated Files\Debug_Static_x64">
      <UniqueIdentifier>{476be057-81f0-4cc2-bb91-f16342aff791}</UniqueIdentifier>
      <Extensions>cpp;moc</Extensions>
      <SourceControlFiles>False</SourceControlFiles>
    </Filter>
    <Filter Include="Generated Files\Debug_Static_Win32">
      <UniqueIdentifier>{beed8e29-cda6-4b96-aac1-26cc1b1f157b}</UniqueIdentifier>
      <Extensions>cpp;moc</Extensions>
      <SourceControlFiles>False</SourceControlFiles>
    </Filter>
  </ItemGroup>
  <ItemGroup>
    <ClCompile Include="..\Src\BomUtils.cpp">
      <Filter>Source Files</Filter>
    </ClCompile>
    <ClCompile Include="..\Src\IDirIter_Boost.cpp">
      <Filter>Source Files</Filter>
    </ClCompile>
    <ClCompile Include="..\Src\ScanDirectory.cpp">
      <Filter>Source Files</Filter>
    </ClCompile>
    <ClCompile Include="..\Src\smException.cpp">
      <Filter>Source Files</Filter>
    </ClCompile>
    <ClCompile Include="..\Src\UntitledSequence.cpp">
      <Filter>Source Files</Filter>
    </ClCompile>
    <ClCompile Include="..\Src\chasewidget.cpp">
      <Filter>Source Files</Filter>
    </ClCompile>
    <ClCompile Include="GeneratedFiles\Release_RTL_x64\moc_chasewidget.cpp">
      <Filter>Generated Files\Release_RTL_x64</Filter>
    </ClCompile>
    <ClCompile Include="GeneratedFiles\Release_RTL_Win32\moc_chasewidget.cpp">
      <Filter>Generated Files\Release_RTL_Win32</Filter>
    </ClCompile>
    <ClCompile Include="GeneratedFiles\Debug_RTL_Win32\moc_chasewidget.cpp">
      <Filter>Generated Files\Debug_RTL_Win32</Filter>
    </ClCompile>
    <ClCompile Include="GeneratedFiles\Debug_RTL_x64\moc_chasewidget.cpp">
      <Filter>Generated Files\Debug_RTL_x64</Filter>
    </ClCompile>
    <ClCompile Include="GeneratedFiles\Release_Static_x64\moc_chasewidget.cpp">
      <Filter>Generated Files\Release_Static_x64</Filter>
    </ClCompile>
    <ClCompile Include="GeneratedFiles\Release_Static_Win32\moc_chasewidget.cpp">
      <Filter>Generated Files\Release_Static_Win32</Filter>
    </ClCompile>
    <ClCompile Include="GeneratedFiles\Debug_Static_x64\moc_chasewidget.cpp">
      <Filter>Generated Files\Debug_Static_x64</Filter>
    </ClCompile>
    <ClCompile Include="GeneratedFiles\Debug_Static_Win32\moc_chasewidget.cpp">
      <Filter>Generated Files\Debug_Static_Win32</Filter>
    </ClCompile>
    <ClCompile Include="..\Src\frmSelectEncoding.cpp">
      <Filter>Source Files</Filter>
    </ClCompile>
    <ClCompile Include="GeneratedFiles\Release_RTL_x64\moc_frmSelectEncoding.cpp">
      <Filter>Generated Files\Release_RTL_x64</Filter>
    </ClCompile>
    <ClCompile Include="GeneratedFiles\Release_RTL_Win32\moc_frmSelectEncoding.cpp">
      <Filter>Generated Files\Release_RTL_Win32</Filter>
    </ClCompile>
    <ClCompile Include="GeneratedFiles\Debug_RTL_Win32\moc_frmSelectEncoding.cpp">
      <Filter>Generated Files\Debug_RTL_Win32</Filter>
    </ClCompile>
    <ClCompile Include="GeneratedFiles\Debug_RTL_x64\moc_frmSelectEncoding.cpp">
      <Filter>Generated Files\Debug_RTL_x64</Filter>
    </ClCompile>
    <ClCompile Include="GeneratedFiles\Release_Static_x64\moc_frmSelectEncoding.cpp">
      <Filter>Generated Files\Release_Static_x64</Filter>
    </ClCompile>
    <ClCompile Include="GeneratedFiles\Release_Static_Win32\moc_frmSelectEncoding.cpp">
      <Filter>Generated Files\Release_Static_Win32</Filter>
    </ClCompile>
    <ClCompile Include="GeneratedFiles\Debug_Static_x64\moc_frmSelectEncoding.cpp">
      <Filter>Generated Files\Debug_Static_x64</Filter>
    </ClCompile>
    <ClCompile Include="GeneratedFiles\Debug_Static_Win32\moc_frmSelectEncoding.cpp">
      <Filter>Generated Files\Debug_Static_Win32</Filter>
    </ClCompile>
    <ClCompile Include="..\Src\frSelectEncoding.cpp">
      <Filter>Source Files</Filter>
    </ClCompile>
    <ClCompile Include="GeneratedFiles\Release_RTL_x64\moc_frSelectEncoding.cpp">
      <Filter>Generated Files\Release_RTL_x64</Filter>
    </ClCompile>
    <ClCompile Include="GeneratedFiles\Release_RTL_Win32\moc_frSelectEncoding.cpp">
      <Filter>Generated Files\Release_RTL_Win32</Filter>
    </ClCompile>
    <ClCompile Include="GeneratedFiles\Debug_RTL_Win32\moc_frSelectEncoding.cpp">
      <Filter>Generated Files\Debug_RTL_Win32</Filter>
    </ClCompile>
    <ClCompile Include="GeneratedFiles\Debug_RTL_x64\moc_frSelectEncoding.cpp">
      <Filter>Generated Files\Debug_RTL_x64</Filter>
    </ClCompile>
    <ClCompile Include="GeneratedFiles\Release_Static_x64\moc_frSelectEncoding.cpp">
      <Filter>Generated Files\Release_Static_x64</Filter>
    </ClCompile>
    <ClCompile Include="GeneratedFiles\Release_Static_Win32\moc_frSelectEncoding.cpp">
      <Filter>Generated Files\Release_Static_Win32</Filter>
    </ClCompile>
    <ClCompile Include="GeneratedFiles\Debug_Static_x64\moc_frSelectEncoding.cpp">
      <Filter>Generated Files\Debug_Static_x64</Filter>
    </ClCompile>
    <ClCompile Include="GeneratedFiles\Debug_Static_Win32\moc_frSelectEncoding.cpp">
      <Filter>Generated Files\Debug_Static_Win32</Filter>
    </ClCompile>
    <ClCompile Include="..\Src\IDirIter_Qt.cpp">
      <Filter>Source Files</Filter>
    </ClCompile>
    <ClCompile Include="..\Src\qqOpenDlg.cpp">
      <Filter>Source Files</Filter>
    </ClCompile>
    <ClCompile Include="..\Src\QtApp.cpp">
      <Filter>Source Files</Filter>
    </ClCompile>
    <ClCompile Include="..\Src\QtSingletons.cpp">
      <Filter>Source Files</Filter>
    </ClCompile>
    <ClCompile Include="..\Src\ITStream.cpp">
      <Filter>Source Files</Filter>
    </ClCompile>
    <ClCompile Include="..\Src\pre_cc.cpp">
      <Filter>Source Files</Filter>
    </ClCompile>
    <ClCompile Include="..\Src\wtlUtils.cpp">
      <Filter>Source Files</Filter>
    </ClCompile>
    <ClCompile Include="..\Src\LibLoader.cpp">
      <Filter>Source Files</Filter>
    </ClCompile>
    <ClCompile Include="..\Src\win_str.cpp">
      <Filter>Source Files</Filter>
    </ClCompile>
    <ClCompile Include="..\Src\winUtils.cpp">
      <Filter>Source Files</Filter>
    </ClCompile>
    <ClCompile Include="..\Src\winClasses.cpp">
      <Filter>Source Files</Filter>
    </ClCompile>
    <ClCompile Include="..\Src\winOSUtils.cpp">
      <Filter>Source Files</Filter>
    </ClCompile>
    <ClCompile Include="..\Src\winVersion.cpp">
      <Filter>Source Files</Filter>
    </ClCompile>
    <ClCompile Include="..\Src\boDateUtils.cpp">
      <Filter>Source Files</Filter>
    </ClCompile>
    <ClCompile Include="..\Src\cpp_lpstr.cpp">
      <Filter>Source Files</Filter>
    </ClCompile>
    <ClCompile Include="..\Src\winBuffers.cpp">
      <Filter>Source Files</Filter>
    </ClCompile>
    <ClCompile Include="..\Src\cpp_string.cpp">
      <Filter>Source Files</Filter>
    </ClCompile>
  </ItemGroup>
  <ItemGroup>
    <ClInclude Include="..\include\BomUtils.h">
      <Filter>Header Files</Filter>
    </ClInclude>
    <ClInclude Include="..\include\IDirIter_Boost.h">
      <Filter>Header Files</Filter>
    </ClInclude>
    <ClInclude Include="..\include\IDirIterator.h">
      <Filter>Header Files</Filter>
    </ClInclude>
    <ClInclude Include="..\include\RefCnt.h">
      <Filter>Header Files</Filter>
    </ClInclude>
    <ClInclude Include="..\include\ScanDirectory.h">
      <Filter>Header Files</Filter>
    </ClInclude>
    <ClInclude Include="..\include\SharedFlag.h">
      <Filter>Header Files</Filter>
    </ClInclude>
    <ClInclude Include="..\include\smException.h">
      <Filter>Header Files</Filter>
    </ClInclude>
    <ClInclude Include="..\include\Thread.h">
      <Filter>Header Files</Filter>
    </ClInclude>
    <ClInclude Include="..\include\UntitledSequence.h">
      <Filter>Header Files</Filter>
    </ClInclude>
    <ClInclude Include="..\include\cpp_string.h">
      <Filter>Header Files</Filter>
    </ClInclude>
    <ClInclude Include="GeneratedFiles\ui_frmSelectEncoding.h">
      <Filter>Generated Files</Filter>
    </ClInclude>
    <ClInclude Include="GeneratedFiles\ui_frSelectEncoding.h">
      <Filter>Generated Files</Filter>
    </ClInclude>
    <ClInclude Include="..\include\IDirIter_Qt.h">
      <Filter>Header Files</Filter>
    </ClInclude>
    <ClInclude Include="..\include\qqOpenDlg.h">
      <Filter>Header Files</Filter>
    </ClInclude>
    <ClInclude Include="..\include\QtApp.h">
      <Filter>Header Files</Filter>
    </ClInclude>
    <ClInclude Include="..\include\QtSingletons.h">
      <Filter>Header Files</Filter>
    </ClInclude>
    <ClInclude Include="..\include\ITStream.h">
      <Filter>Header Files</Filter>
    </ClInclude>
    <ClInclude Include="..\Src\pre_cc.h">
      <Filter>Header Files</Filter>
    </ClInclude>
    <ClInclude Include="..\include\predef_cc.h">
      <Filter>Header Files</Filter>
    </ClInclude>
    <ClInclude Include="..\include\wtlUtils.h">
      <Filter>Header Files</Filter>
    </ClInclude>
    <ClInclude Include="..\include\cc_array.hpp">
      <Filter>Header Files</Filter>
    </ClInclude>
    <ClInclude Include="..\include\cc_atomic.hpp">
      <Filter>Header Files</Filter>
    </ClInclude>
    <ClInclude Include="..\include\cc_memory.hpp">
      <Filter>Header Files</Filter>
    </ClInclude>
    <ClInclude Include="..\include\LibLoader.h">
      <Filter>Header Files</Filter>
    </ClInclude>
    <ClInclude Include="..\include\win_str.h">
      <Filter>Header Files</Filter>
    </ClInclude>
    <ClInclude Include="..\include\winUtils.h">
      <Filter>Header Files</Filter>
    </ClInclude>
    <ClInclude Include="..\include\winClasses.h">
      <Filter>Header Files</Filter>
    </ClInclude>
    <ClInclude Include="..\include\winOSUtils.h">
      <Filter>Header Files</Filter>
    </ClInclude>
    <ClInclude Include="..\include\winVersion.h">
      <Filter>Header Files</Filter>
    </ClInclude>
    <ClInclude Include="..\include\boDateUtils.h">
      <Filter>Header Files</Filter>
    </ClInclude>
    <ClInclude Include="..\include\utf8.h">
      <Filter>Header Files</Filter>
    </ClInclude>
    <ClInclude Include="..\include\wtlPropertyGrid.h">
      <Filter>Header Files</Filter>
    </ClInclude>
    <ClInclude Include="..\include\wtlPropertyItem.h">
      <Filter>Header Files</Filter>
    </ClInclude>
    <ClInclude Include="..\include\wtlPropertyItemEditors.h">
      <Filter>Header Files</Filter>
    </ClInclude>
    <ClInclude Include="..\include\wtlPropertyItemImpl.h">
      <Filter>Header Files</Filter>
    </ClInclude>
    <ClInclude Include="..\include\cpp_lpstr.h">
      <Filter>Header Files</Filter>
    </ClInclude>
    <ClInclude Include="..\include\cpp_sstream.h">
      <Filter>Header Files</Filter>
    </ClInclude>
    <ClInclude Include="..\include\winBuffers.h">
      <Filter>Header Files</Filter>
    </ClInclude>
  </ItemGroup>
  <ItemGroup>
    <None Include="ccLib.props" />
  </ItemGroup>
  <ItemGroup>
    <CustomBuild Include="..\Src\Forms\frmSelectEncoding.ui">
      <Filter>Form Files</Filter>
    </CustomBuild>
    <CustomBuild Include="..\Src\Forms\frSelectEncoding.ui">
      <Filter>Form Files</Filter>
    </CustomBuild>
    <CustomBuild Include="..\include\chasewidget.h">
      <Filter>Header Files</Filter>
    </CustomBuild>
    <CustomBuild Include="..\include\frmSelectEncoding.h">
      <Filter>Header Files</Filter>
    </CustomBuild>
    <CustomBuild Include="..\include\frSelectEncoding.h">
      <Filter>Header Files</Filter>
    </CustomBuild>
  </ItemGroup>
</Project>