<?xml version="1.0" encoding="utf-8"?>
<Project ToolsVersion="4.0" xmlns="http://schemas.microsoft.com/developer/msbuild/2003">
  <ItemGroup>
    <Filter Include="Source Files">
      <UniqueIdentifier>{4FC737F1-C7A5-4376-A066-2A32D752A2FF}</UniqueIdentifier>
      <Extensions>cpp;cxx;c;def</Extensions>
    </Filter>
    <Filter Include="Header Files">
      <UniqueIdentifier>{93995380-89BD-4b04-88EB-625FBE52EBFB}</UniqueIdentifier>
      <Extensions>h</Extensions>
    </Filter>
    <Filter Include="Form Files">
      <UniqueIdentifier>{99349809-55BA-4b9d-BF79-8FDBB0286EB3}</UniqueIdentifier>
      <Extensions>ui</Extensions>
      <ParseFiles>false</ParseFiles>
    </Filter>
    <Filter Include="Resource Files">
      <UniqueIdentifier>{D9D6E242-F8AF-46E4-B9FD-80ECBC20BA3E}</UniqueIdentifier>
      <Extensions>qrc;*</Extensions>
      <ParseFiles>false</ParseFiles>
    </Filter>
    <Filter Include="Generated Files">
      <UniqueIdentifier>{71ED8ED8-ACB9-4CE9-BBE1-E00B30144E11}</UniqueIdentifier>
      <Extensions>moc;h;cpp</Extensions>
      <SourceControlFiles>False</SourceControlFiles>
    </Filter>
    <Filter Include="Generated Files\Release_RTL_x64">
      <UniqueIdentifier>{4ba7575f-e1b1-412b-baa9-e1d0d779ca09}</UniqueIdentifier>
      <Extensions>cpp;moc</Extensions>
      <SourceControlFiles>False</SourceControlFiles>
    </Filter>
    <Filter Include="Generated Files\Release_RTL_Win32">
      <UniqueIdentifier>{b5b816bd-6327-40f3-a275-73995527fc7e}</UniqueIdentifier>
      <Extensions>cpp;moc</Extensions>
      <SourceControlFiles>False</SourceControlFiles>
    </Filter>
    <Filter Include="Generated Files\Debug_RTL_Win32">
      <UniqueIdentifier>{07da9a1c-df30-4a99-996c-1aca7ac8a46e}</UniqueIdentifier>
      <Extensions>cpp;moc</Extensions>
      <SourceControlFiles>False</SourceControlFiles>
    </Filter>
    <Filter Include="Generated Files\Debug_RTL_x64">
      <UniqueIdentifier>{06b7a83e-c551-4287-b270-ba0ab8be4e15}</UniqueIdentifier>
      <Extensions>cpp;moc</Extensions>
      <SourceControlFiles>False</SourceControlFiles>
    </Filter>
    <Filter Include="Generated Files\Release_Static_x64">
      <UniqueIdentifier>{626a8723-5a44-4f4b-ba70-c81540ddd243}</UniqueIdentifier>
      <Extensions>cpp;moc</Extensions>
      <SourceControlFiles>False</SourceControlFiles>
    </Filter>
    <Filter Include="Generated Files\Release_Static_Win32">
      <UniqueIdentifier>{06a31d3c-ed48-4627-8eba-1683a3e7cce7}</UniqueIdentifier>
      <Extensions>cpp;moc</Extensions>
      <SourceControlFiles>False</SourceControlFiles>
    </Filter>
    <Filter Include="Generated Files\Debug_Static_x64">
      <UniqueIdentifier>{5c20f56b-8306-49b6-ad32-b762b0fa14fa}</UniqueIdentifier>
      <Extensions>cpp;moc</Extensions>
      <SourceControlFiles>False</SourceControlFiles>
    </Filter>
    <Filter Include="Generated Files\Debug_Static_Win32">
      <UniqueIdentifier>{4caeb754-4de3-4bf9-8dea-9403cd0b86a0}</UniqueIdentifier>
      <Extensions>cpp;moc</Extensions>
      <SourceControlFiles>False</SourceControlFiles>
    </Filter>
    <Filter Include="Source Files\dvc">
      <UniqueIdentifier>{ab79520a-97bf-472d-ad67-786681fcb54f}</UniqueIdentifier>
    </Filter>
    <Filter Include="Header Files\dvc">
      <UniqueIdentifier>{dfc1826d-17fe-44d9-be83-d0303b72ebed}</UniqueIdentifier>
    </Filter>
  </ItemGroup>
  <ItemGroup>
    <ClCompile Include="..\Src\BomUtils.cpp">
      <Filter>Source Files</Filter>
    </ClCompile>
    <ClCompile Include="..\Src\frSelectEncoding.cpp">
      <Filter>Source Files</Filter>
    </ClCompile>
    <ClCompile Include="..\Src\IDirIter_Boost.cpp">
      <Filter>Source Files</Filter>
    </ClCompile>
    <ClCompile Include="..\Src\IDirIter_Qt.cpp">
      <Filter>Source Files</Filter>
    </ClCompile>
    <ClCompile Include="..\Src\QtApp.cpp">
      <Filter>Source Files</Filter>
    </ClCompile>
    <ClCompile Include="..\Src\QtSingletons.cpp">
      <Filter>Source Files</Filter>
    </ClCompile>
    <ClCompile Include="..\Src\ScanDirectory.cpp">
      <Filter>Source Files</Filter>
    </ClCompile>
    <ClCompile Include="..\Src\smException.cpp">
      <Filter>Source Files</Filter>
    </ClCompile>
    <ClCompile Include="GeneratedFiles\Release_RTL_x64\moc_frSelectEncoding.cpp">
      <Filter>Generated Files\Release_RTL_x64</Filter>
    </ClCompile>
    <ClCompile Include="GeneratedFiles\Release_RTL_Win32\moc_frSelectEncoding.cpp">
      <Filter>Generated Files\Release_RTL_Win32</Filter>
    </ClCompile>
    <ClCompile Include="GeneratedFiles\Debug_RTL_Win32\moc_frSelectEncoding.cpp">
      <Filter>Generated Files\Debug_RTL_Win32</Filter>
    </ClCompile>
    <ClCompile Include="GeneratedFiles\Debug_RTL_x64\moc_frSelectEncoding.cpp">
      <Filter>Generated Files\Debug_RTL_x64</Filter>
    </ClCompile>
    <ClCompile Include="GeneratedFiles\Release_Static_x64\moc_frSelectEncoding.cpp">
      <Filter>Generated Files\Release_Static_x64</Filter>
    </ClCompile>
    <ClCompile Include="GeneratedFiles\Release_Static_Win32\moc_frSelectEncoding.cpp">
      <Filter>Generated Files\Release_Static_Win32</Filter>
    </ClCompile>
    <ClCompile Include="GeneratedFiles\Debug_Static_x64\moc_frSelectEncoding.cpp">
      <Filter>Generated Files\Debug_Static_x64</Filter>
    </ClCompile>
    <ClCompile Include="GeneratedFiles\Debug_Static_Win32\moc_frSelectEncoding.cpp">
      <Filter>Generated Files\Debug_Static_Win32</Filter>
    </ClCompile>
    <ClCompile Include="..\Src\qqOpenDlg.cpp">
      <Filter>Source Files</Filter>
    </ClCompile>
    <ClCompile Include="GeneratedFiles\Release_RTL_x64\moc_frmSelectEncoding.cpp">
      <Filter>Generated Files\Release_RTL_x64</Filter>
    </ClCompile>
    <ClCompile Include="GeneratedFiles\Release_RTL_Win32\moc_frmSelectEncoding.cpp">
      <Filter>Generated Files\Release_RTL_Win32</Filter>
    </ClCompile>
    <ClCompile Include="GeneratedFiles\Debug_RTL_Win32\moc_frmSelectEncoding.cpp">
      <Filter>Generated Files\Debug_RTL_Win32</Filter>
    </ClCompile>
    <ClCompile Include="GeneratedFiles\Debug_RTL_x64\moc_frmSelectEncoding.cpp">
      <Filter>Generated Files\Debug_RTL_x64</Filter>
    </ClCompile>
    <ClCompile Include="GeneratedFiles\Release_Static_x64\moc_frmSelectEncoding.cpp">
      <Filter>Generated Files\Release_Static_x64</Filter>
    </ClCompile>
    <ClCompile Include="GeneratedFiles\Release_Static_Win32\moc_frmSelectEncoding.cpp">
      <Filter>Generated Files\Release_Static_Win32</Filter>
    </ClCompile>
    <ClCompile Include="GeneratedFiles\Debug_Static_x64\moc_frmSelectEncoding.cpp">
      <Filter>Generated Files\Debug_Static_x64</Filter>
    </ClCompile>
    <ClCompile Include="GeneratedFiles\Debug_Static_Win32\moc_frmSelectEncoding.cpp">
      <Filter>Generated Files\Debug_Static_Win32</Filter>
    </ClCompile>
    <ClCompile Include="..\Src\frmSelectEncoding.cpp">
      <Filter>Source Files</Filter>
    </ClCompile>
    <ClCompile Include="GeneratedFiles\Release_RTL_x64\moc_chasewidget.cpp">
      <Filter>Generated Files\Release_RTL_x64</Filter>
    </ClCompile>
    <ClCompile Include="GeneratedFiles\Release_RTL_Win32\moc_chasewidget.cpp">
      <Filter>Generated Files\Release_RTL_Win32</Filter>
    </ClCompile>
    <ClCompile Include="GeneratedFiles\Debug_RTL_Win32\moc_chasewidget.cpp">
      <Filter>Generated Files\Debug_RTL_Win32</Filter>
    </ClCompile>
    <ClCompile Include="GeneratedFiles\Debug_RTL_x64\moc_chasewidget.cpp">
      <Filter>Generated Files\Debug_RTL_x64</Filter>
    </ClCompile>
    <ClCompile Include="GeneratedFiles\Release_Static_x64\moc_chasewidget.cpp">
      <Filter>Generated Files\Release_Static_x64</Filter>
    </ClCompile>
    <ClCompile Include="GeneratedFiles\Release_Static_Win32\moc_chasewidget.cpp">
      <Filter>Generated Files\Release_Static_Win32</Filter>
    </ClCompile>
    <ClCompile Include="GeneratedFiles\Debug_Static_x64\moc_chasewidget.cpp">
      <Filter>Generated Files\Debug_Static_x64</Filter>
    </ClCompile>
    <ClCompile Include="GeneratedFiles\Debug_Static_Win32\moc_chasewidget.cpp">
      <Filter>Generated Files\Debug_Static_Win32</Filter>
    </ClCompile>
    <ClCompile Include="..\Src\chasewidget.cpp">
      <Filter>Source Files</Filter>
    </ClCompile>
    <ClCompile Include="..\Src\UntitledSequence.cpp">
      <Filter>Source Files</Filter>
    </ClCompile>
    <ClCompile Include="..\Src\dvc\StringUtils.cpp">
      <Filter>Source Files\dvc</Filter>
    </ClCompile>
  </ItemGroup>
  <ItemGroup>
    <CustomBuild Include="..\Src\Forms\frSelectEncoding.ui">
      <Filter>Form Files</Filter>
    </CustomBuild>
    <CustomBuild Include="..\Src\frSelectEncoding.h">
      <Filter>Header Files</Filter>
    </CustomBuild>
    <CustomBuild Include="..\Src\Forms\frmSelectEncoding.ui">
      <Filter>Form Files</Filter>
    </CustomBuild>
    <CustomBuild Include="..\Src\frmSelectEncoding.h">
      <Filter>Header Files</Filter>
    </CustomBuild>
    <CustomBuild Include="..\Src\chasewidget.h">
      <Filter>Header Files</Filter>
    </CustomBuild>
  </ItemGroup>
  <ItemGroup>
    <ClInclude Include="GeneratedFiles\ui_frSelectEncoding.h">
      <Filter>Generated Files</Filter>
    </ClInclude>
    <ClInclude Include="..\Src\BomUtils.h">
      <Filter>Header Files</Filter>
    </ClInclude>
    <ClInclude Include="..\Src\IDirIter_Boost.h">
      <Filter>Header Files</Filter>
    </ClInclude>
    <ClInclude Include="..\Src\IDirIter_Qt.h">
      <Filter>Header Files</Filter>
    </ClInclude>
    <ClInclude Include="..\Src\IDirIterator.h">
      <Filter>Header Files</Filter>
    </ClInclude>
    <ClInclude Include="..\Src\QtApp.h">
      <Filter>Header Files</Filter>
    </ClInclude>
    <ClInclude Include="..\Src\QtSingletons.h">
      <Filter>Header Files</Filter>
    </ClInclude>
    <ClInclude Include="..\Src\RefCnt.h">
      <Filter>Header Files</Filter>
    </ClInclude>
    <ClInclude Include="..\Src\ScanDirectory.h">
      <Filter>Header Files</Filter>
    </ClInclude>
    <ClInclude Include="..\Src\SharedFlag.h">
      <Filter>Header Files</Filter>
    </ClInclude>
    <ClInclude Include="..\Src\smException.h">
      <Filter>Header Files</Filter>
    </ClInclude>
    <ClInclude Include="..\Src\Thread.h">
      <Filter>Header Files</Filter>
    </ClInclude>
    <ClInclude Include="..\Src\qqOpenDlg.h">
      <Filter>Header Files</Filter>
    </ClInclude>
    <ClInclude Include="GeneratedFiles\ui_frmSelectEncoding.h">
      <Filter>Generated Files</Filter>
    </ClInclude>
    <ClInclude Include="..\Src\UntitledSequence.h">
      <Filter>Header Files</Filter>
    </ClInclude>
    <ClInclude Include="..\Src\dvc\MachineID.h">
      <Filter>Header Files\dvc</Filter>
    </ClInclude>
    <ClInclude Include="..\Src\dvc\StringList.h">
      <Filter>Header Files\dvc</Filter>
    </ClInclude>
    <ClInclude Include="..\Src\dvc\StringUtils.h">
      <Filter>Header Files\dvc</Filter>
    </ClInclude>
    <ClInclude Include="..\Src\dvc\Registry.h">
      <Filter>Header Files\dvc</Filter>
    </ClInclude>
  </ItemGroup>
  <ItemGroup>
    <None Include="ccLib.props" />
  </ItemGroup>
</Project>