<?xml version="1.0" encoding="utf-8"?>
<Project ToolsVersion="4.0" xmlns="http://schemas.microsoft.com/developer/msbuild/2003">
  <ItemGroup>
    <Filter Include="Source Files">
      <UniqueIdentifier>{4FC737F1-C7A5-4376-A066-2A32D752A2FF}</UniqueIdentifier>
      <Extensions>cpp;c;cc;cxx;def;odl;idl;hpj;bat;asm;asmx</Extensions>
    </Filter>
    <Filter Include="Header Files">
      <UniqueIdentifier>{93995380-89BD-4b04-88EB-625FBE52EBFB}</UniqueIdentifier>
      <Extensions>h;hpp;hxx;hm;inl;inc;xsd</Extensions>
    </Filter>
    <Filter Include="Resource Files">
      <UniqueIdentifier>{67DA6AB6-F800-4c08-8B7A-83BB121AAD01}</UniqueIdentifier>
      <Extensions>qrc</Extensions>
      <ParseFiles>true</ParseFiles>
    </Filter>
  </ItemGroup>
  <ItemGroup>
    <ClCompile Include="..\Src\smException.cpp">
      <Filter>Source Files</Filter>
    </ClCompile>
    <ClCompile Include="..\Src\BomUtils.cpp">
      <Filter>Source Files</Filter>
    </ClCompile>
    <ClCompile Include="..\Src\IDirIter_Boost.cpp">
      <Filter>Source Files</Filter>
    </ClCompile>
    <ClCompile Include="..\Src\wtlUtils.cpp">
      <Filter>Source Files</Filter>
    </ClCompile>
    <ClCompile Include="..\Src\LibLoader.cpp">
      <Filter>Source Files</Filter>
    </ClCompile>
    <ClCompile Include="..\Src\pre_cc.cpp">
      <Filter>Source Files</Filter>
    </ClCompile>
    <ClCompile Include="..\Src\ScanDirectory.cpp">
      <Filter>Source Files</Filter>
    </ClCompile>
    <ClCompile Include="..\Src\win_str.cpp">
      <Filter>Source Files</Filter>
    </ClCompile>
    <ClCompile Include="..\Src\winClasses.cpp">
      <Filter>Source Files</Filter>
    </ClCompile>
    <ClCompile Include="..\Src\winOSUtils.cpp">
      <Filter>Source Files</Filter>
    </ClCompile>
    <ClCompile Include="..\Src\winUtils.cpp">
      <Filter>Source Files</Filter>
    </ClCompile>
  </ItemGroup>
  <ItemGroup>
    <ClInclude Include="..\Src\RefCnt.h">
      <Filter>Header Files</Filter>
    </ClInclude>
    <ClInclude Include="..\Src\smException.h">
      <Filter>Header Files</Filter>
    </ClInclude>
    <ClInclude Include="..\Src\BomUtils.h">
      <Filter>Header Files</Filter>
    </ClInclude>
    <ClInclude Include="..\Src\IDirIter_Boost.h">
      <Filter>Header Files</Filter>
    </ClInclude>
    <ClInclude Include="..\Src\IDirIterator.h">
      <Filter>Header Files</Filter>
    </ClInclude>
    <ClInclude Include="..\Src\wtlUtils.h">
      <Filter>Header Files</Filter>
    </ClInclude>
    <ClInclude Include="..\Src\cc_array.hpp">
      <Filter>Header Files</Filter>
    </ClInclude>
    <ClInclude Include="..\Src\cc_atomic.hpp">
      <Filter>Header Files</Filter>
    </ClInclude>
    <ClInclude Include="..\Src\cc_memory.hpp">
      <Filter>Header Files</Filter>
    </ClInclude>
    <ClInclude Include="..\Src\LibLoader.h">
      <Filter>Header Files</Filter>
    </ClInclude>
    <ClInclude Include="..\Src\pre_cc.h">
      <Filter>Header Files</Filter>
    </ClInclude>
    <ClInclude Include="..\Src\predef_cc.h">
      <Filter>Header Files</Filter>
    </ClInclude>
    <ClInclude Include="..\Src\ScanDirectory.h">
      <Filter>Header Files</Filter>
    </ClInclude>
    <ClInclude Include="..\Src\SharedFlag.h">
      <Filter>Header Files</Filter>
    </ClInclude>
    <ClInclude Include="..\Src\win_str.h">
      <Filter>Header Files</Filter>
    </ClInclude>
    <ClInclude Include="..\Src\winClasses.h">
      <Filter>Header Files</Filter>
    </ClInclude>
    <ClInclude Include="..\Src\winOSUtils.h">
      <Filter>Header Files</Filter>
    </ClInclude>
    <ClInclude Include="..\Src\winUtils.h">
      <Filter>Header Files</Filter>
    </ClInclude>
  </ItemGroup>
  <ItemGroup>
    <None Include="ccLib.props" />
  </ItemGroup>
</Project>